
Microsoft Visual Studio Solution File, Format Version 12.00
# Visual Studio Version 17
VisualStudioVersion = 17.13.35919.96 d17.13
MinimumVisualStudioVersion = 10.0.40219.1
Project("{FAE04EC0-301F-11D3-BF4B-00C04F79EFBC}") = "MovieAPI", "MovieAPI\MovieAPI.csproj", "{0A9D2BC4-E79F-418A-B3F4-D39577248D09}"
EndProject
Global
	GlobalSection(SolutionConfigurationPlatforms) = preSolution
		Debug|Any CPU = Debug|Any CPU
		Release|Any CPU = Release|Any CPU
	EndGlobalSection
	GlobalSection(ProjectConfigurationPlatforms) = postSolution
		{0A9D2BC4-E79F-418A-B3F4-D39577248D09}.Debug|Any CPU.ActiveCfg = Debug|Any CPU
		{0A9D2BC4-E79F-418A-B3F4-D39577248D09}.Debug|Any CPU.Build.0 = Debug|Any CPU
		{0A9D2BC4-E79F-418A-B3F4-D39577248D09}.Release|Any CPU.ActiveCfg = Release|Any CPU
		{0A9D2BC4-E79F-418A-B3F4-D39577248D09}.Release|Any CPU.Build.0 = Release|Any CPU
	EndGlobalSection
	GlobalSection(SolutionProperties) = preSolution
		HideSolutionNode = FALSE
	EndGlobalSection
	GlobalSection(ExtensibilityGlobals) = postSolution
		SolutionGuid = {B7B6660A-9043-48F1-AC80-98C0B572611D}
	EndGlobalSection
EndGlobal
